
Microsoft Visual Studio Solution File, Format Version 12.00
# Visual Studio 15
VisualStudioVersion = 15.0.27428.2043
MinimumVisualStudioVersion = 10.0.40219.1
Project("{FAE04EC0-301F-11D3-BF4B-00C04F79EFBC}") = "OdiseeyCliente", "OdiseeyCliente\OdiseeyCliente.csproj", "{5397F69F-2CA9-41C8-8ED8-CAAF7E6B986F}"
EndProject
Global
	GlobalSection(SolutionConfigurationPlatforms) = preSolution
		Debug|Any CPU = Debug|Any CPU
		Release|Any CPU = Release|Any CPU
	EndGlobalSection
	GlobalSection(ProjectConfigurationPlatforms) = postSolution
		{5397F69F-2CA9-41C8-8ED8-CAAF7E6B986F}.Debug|Any CPU.ActiveCfg = Debug|Any CPU
		{5397F69F-2CA9-41C8-8ED8-CAAF7E6B986F}.Debug|Any CPU.Build.0 = Debug|Any CPU
		{5397F69F-2CA9-41C8-8ED8-CAAF7E6B986F}.Release|Any CPU.ActiveCfg = Release|Any CPU
		{5397F69F-2CA9-41C8-8ED8-CAAF7E6B986F}.Release|Any CPU.Build.0 = Release|Any CPU
	EndGlobalSection
	GlobalSection(SolutionProperties) = preSolution
		HideSolutionNode = FALSE
	EndGlobalSection
	GlobalSection(ExtensibilityGlobals) = postSolution
		SolutionGuid = {589F59DF-D655-4B4C-8532-BE970CAAF25A}
	EndGlobalSection
EndGlobal
